
Microsoft Visual Studio Solution File, Format Version 12.00
# Visual Studio 2012
Project("{FAE04EC0-301F-11D3-BF4B-00C04F79EFBC}") = "ConsoleApplicationSorts", "ConsoleApplicationTestCases\ConsoleApplicationSorts.csproj", "{6DDE62DB-0876-4391-A2ED-31E9A1160B4D}"
EndProject
Project("{FAE04EC0-301F-11D3-BF4B-00C04F79EFBC}") = "SortTestCasesProject", "TestProjectSorts\SortTestCasesProject.csproj", "{36671883-590A-4666-8E58-A835A228A842}"
EndProject
Project("{2150E333-8FDC-42A3-9474-1A3956D46DE8}") = "Solution Items", "Solution Items", "{9F4B819C-47C1-4928-9E2A-72724D4DBE44}"
	ProjectSection(SolutionItems) = preProject
		ConsoleApplicationTestCases.vsmdi = ConsoleApplicationTestCases.vsmdi
		Local.testsettings = Local.testsettings
		TraceAndTestImpact.testsettings = TraceAndTestImpact.testsettings
	EndProjectSection
EndProject
Global
	GlobalSection(TestCaseManagementSettings) = postSolution
		CategoryFile = ConsoleApplicationTestCases.vsmdi
	EndGlobalSection
	GlobalSection(SolutionConfigurationPlatforms) = preSolution
		Debug|Any CPU = Debug|Any CPU
		Debug|Mixed Platforms = Debug|Mixed Platforms
		Debug|x86 = Debug|x86
		Release|Any CPU = Release|Any CPU
		Release|Mixed Platforms = Release|Mixed Platforms
		Release|x86 = Release|x86
	EndGlobalSection
	GlobalSection(ProjectConfigurationPlatforms) = postSolution
		{6DDE62DB-0876-4391-A2ED-31E9A1160B4D}.Debug|Any CPU.ActiveCfg = Debug|x86
		{6DDE62DB-0876-4391-A2ED-31E9A1160B4D}.Debug|Mixed Platforms.ActiveCfg = Debug|x86
		{6DDE62DB-0876-4391-A2ED-31E9A1160B4D}.Debug|Mixed Platforms.Build.0 = Debug|x86
		{6DDE62DB-0876-4391-A2ED-31E9A1160B4D}.Debug|x86.ActiveCfg = Debug|x86
		{6DDE62DB-0876-4391-A2ED-31E9A1160B4D}.Debug|x86.Build.0 = Debug|x86
		{6DDE62DB-0876-4391-A2ED-31E9A1160B4D}.Release|Any CPU.ActiveCfg = Release|x86
		{6DDE62DB-0876-4391-A2ED-31E9A1160B4D}.Release|Mixed Platforms.ActiveCfg = Release|x86
		{6DDE62DB-0876-4391-A2ED-31E9A1160B4D}.Release|Mixed Platforms.Build.0 = Release|x86
		{6DDE62DB-0876-4391-A2ED-31E9A1160B4D}.Release|x86.ActiveCfg = Release|x86
		{6DDE62DB-0876-4391-A2ED-31E9A1160B4D}.Release|x86.Build.0 = Release|x86
		{36671883-590A-4666-8E58-A835A228A842}.Debug|Any CPU.ActiveCfg = Debug|Any CPU
		{36671883-590A-4666-8E58-A835A228A842}.Debug|Any CPU.Build.0 = Debug|Any CPU
		{36671883-590A-4666-8E58-A835A228A842}.Debug|Mixed Platforms.ActiveCfg = Debug|Any CPU
		{36671883-590A-4666-8E58-A835A228A842}.Debug|Mixed Platforms.Build.0 = Debug|Any CPU
		{36671883-590A-4666-8E58-A835A228A842}.Debug|x86.ActiveCfg = Debug|Any CPU
		{36671883-590A-4666-8E58-A835A228A842}.Release|Any CPU.ActiveCfg = Release|Any CPU
		{36671883-590A-4666-8E58-A835A228A842}.Release|Any CPU.Build.0 = Release|Any CPU
		{36671883-590A-4666-8E58-A835A228A842}.Release|Mixed Platforms.ActiveCfg = Release|Any CPU
		{36671883-590A-4666-8E58-A835A228A842}.Release|Mixed Platforms.Build.0 = Release|Any CPU
		{36671883-590A-4666-8E58-A835A228A842}.Release|x86.ActiveCfg = Release|Any CPU
	EndGlobalSection
	GlobalSection(SolutionProperties) = preSolution
		HideSolutionNode = FALSE
	EndGlobalSection
EndGlobal
